PODS:
  - DejalActivityView (1.2)
  - iOS-blur (0.0.4)
  - MKNetworkKit (0.87):
    - Reachability (~> 3.1.0)
  - Reachability (3.1.1)

DEPENDENCIES:
  - DejalActivityView
  - iOS-blur
  - MKNetworkKit

SPEC CHECKSUMS:
  DejalActivityView: 3a7f7a2be287c0f25f547762815c40709b02169c
  iOS-blur: 88a6776951beba2aa47be68ee037dc757781a8af
  MKNetworkKit: f174100f92473012138b6b1c3040266af8d43a14
  Reachability: be4883bb93f31e38266ae3365e5600a317aae735

COCOAPODS: 0.29.0
