// !$*UTF8*$!
{
	archiveVersion = 1;
	classes = {
	};
	objectVersion = 46;
	objects = {

/* Begin PBXBuildFile section */
		7040E2C918AF0C66005C7BAD /* Foundation.framework in Frameworks */ = {isa = PBXBuildFile; fileRef = 7040E2C818AF0C66005C7BAD /* Foundation.framework */; };
		7040E2CB18AF0C66005C7BAD /* CoreGraphics.framework in Frameworks */ = {isa = PBXBuildFile; fileRef = 7040E2CA18AF0C66005C7BAD /* CoreGraphics.framework */; };
		7040E2CD18AF0C66005C7BAD /* UIKit.framework in Frameworks */ = {isa = PBXBuildFile; fileRef = 7040E2CC18AF0C66005C7BAD /* UIKit.framework */; };
		7040E2D318AF0C66005C7BAD /* InfoPlist.strings in Resources */ = {isa = PBXBuildFile; fileRef = 7040E2D118AF0C66005C7BAD /* InfoPlist.strings */; };
		7040E2D518AF0C66005C7BAD /* main.m in Sources */ = {isa = PBXBuildFile; fileRef = 7040E2D418AF0C66005C7BAD /* main.m */; };
		7040E2D918AF0C66005C7BAD /* HWTAppDelegate.m in Sources */ = {isa = PBXBuildFile; fileRef = 7040E2D818AF0C66005C7BAD /* HWTAppDelegate.m */; };
		7040E2DC18AF0C66005C7BAD /* Main.storyboard in Resources */ = {isa = PBXBuildFile; fileRef = 7040E2DA18AF0C66005C7BAD /* Main.storyboard */; };
		7040E2E118AF0C66005C7BAD /* Images.xcassets in Resources */ = {isa = PBXBuildFile; fileRef = 7040E2E018AF0C66005C7BAD /* Images.xcassets */; };
		7040E2E818AF0C66005C7BAD /* XCTest.framework in Frameworks */ = {isa = PBXBuildFile; fileRef = 7040E2E718AF0C66005C7BAD /* XCTest.framework */; };
		7040E2E918AF0C66005C7BAD /* Foundation.framework in Frameworks */ = {isa = PBXBuildFile; fileRef = 7040E2C818AF0C66005C7BAD /* Foundation.framework */; };
		7040E2EA18AF0C66005C7BAD /* UIKit.framework in Frameworks */ = {isa = PBXBuildFile; fileRef = 7040E2CC18AF0C66005C7BAD /* UIKit.framework */; };
		7040E2F218AF0C66005C7BAD /* InfoPlist.strings in Resources */ = {isa = PBXBuildFile; fileRef = 7040E2F018AF0C66005C7BAD /* InfoPlist.strings */; };
		7040E2F418AF0C66005C7BAD /* WashingTimerTests.m in Sources */ = {isa = PBXBuildFile; fileRef = 7040E2F318AF0C66005C7BAD /* WashingTimerTests.m */; };
		7040E30318AF4358005C7BAD /* HWTResultViewController.m in Sources */ = {isa = PBXBuildFile; fileRef = 7040E30218AF4358005C7BAD /* HWTResultViewController.m */; };
		7040E30918AF47D6005C7BAD /* icon_easy@2x.png in Resources */ = {isa = PBXBuildFile; fileRef = 7040E30718AF47D6005C7BAD /* icon_easy@2x.png */; };
		7040E30A18AF47D6005C7BAD /* icon_fast@2x.png in Resources */ = {isa = PBXBuildFile; fileRef = 7040E30818AF47D6005C7BAD /* icon_fast@2x.png */; };
		7040E30C18AF48DC005C7BAD /* icon_disclosure@2x.png in Resources */ = {isa = PBXBuildFile; fileRef = 7040E30B18AF48DC005C7BAD /* icon_disclosure@2x.png */; };
		7040E31118AF4B2A005C7BAD /* HWTResultCell.m in Sources */ = {isa = PBXBuildFile; fileRef = 7040E31018AF4B2A005C7BAD /* HWTResultCell.m */; };
		7040E31818AF5EE4005C7BAD /* HWTPlanViewController.m in Sources */ = {isa = PBXBuildFile; fileRef = 7040E31718AF5EE4005C7BAD /* HWTPlanViewController.m */; };
		7040E31B18AF61A6005C7BAD /* HWTTimeLinePointView.m in Sources */ = {isa = PBXBuildFile; fileRef = 7040E31A18AF61A6005C7BAD /* HWTTimeLinePointView.m */; };
		7040E31E18AF6624005C7BAD /* HWTTimeLineEventCell.m in Sources */ = {isa = PBXBuildFile; fileRef = 7040E31D18AF6624005C7BAD /* HWTTimeLineEventCell.m */; };
		7040E32118AF8DCF005C7BAD /* HWTTimeLineWeatherCell.m in Sources */ = {isa = PBXBuildFile; fileRef = 7040E32018AF8DCF005C7BAD /* HWTTimeLineWeatherCell.m */; };
		7040E32318AF9C60005C7BAD /* logo@2x.png in Resources */ = {isa = PBXBuildFile; fileRef = 7040E32218AF9C60005C7BAD /* logo@2x.png */; };
		7040E32518AFA32D005C7BAD /* icon_time_arrow@2x.png in Resources */ = {isa = PBXBuildFile; fileRef = 7040E32418AFA32D005C7BAD /* icon_time_arrow@2x.png */; };
		7040E32918AFCD05005C7BAD /* icon_cloudy@2x.png in Resources */ = {isa = PBXBuildFile; fileRef = 7040E32618AFCD05005C7BAD /* icon_cloudy@2x.png */; };
		7040E32A18AFCD05005C7BAD /* icon_rainy@2x.png in Resources */ = {isa = PBXBuildFile; fileRef = 7040E32718AFCD05005C7BAD /* icon_rainy@2x.png */; };
		7040E32B18AFCD05005C7BAD /* icon_sunny@2x.png in Resources */ = {isa = PBXBuildFile; fileRef = 7040E32818AFCD05005C7BAD /* icon_sunny@2x.png */; };
		A1934FEC18B0130800ED4388 /* HWTCommitCell.m in Sources */ = {isa = PBXBuildFile; fileRef = A1934FEB18B0130800ED4388 /* HWTCommitCell.m */; };
		BD37A5AC990B421996C36D7D /* libPods-WashingTimer.a in Frameworks */ = {isa = PBXBuildFile; fileRef = 9B8B1F6CE0E34731BEFC820C /* libPods-WashingTimer.a */; };
/* End PBXBuildFile section */

/* Begin PBXContainerItemProxy section */
		7040E2EB18AF0C66005C7BAD /* PBXContainerItemProxy */ = {
			isa = PBXContainerItemProxy;
			containerPortal = 7040E2BD18AF0C66005C7BAD /* Project object */;
			proxyType = 1;
			remoteGlobalIDString = 7040E2C418AF0C66005C7BAD;
			remoteInfo = WashingTimer;
		};
/* End PBXContainerItemProxy section */

/* Begin PBXFileReference section */
		43F78E0F6F564C1D9F27EECA /* Pods-WashingTimer.xcconfig */ = {isa = PBXFileReference; includeInIndex = 1; lastKnownFileType = text.xcconfig; name = "Pods-WashingTimer.xcconfig"; path = "Pods/Pods-WashingTimer.xcconfig"; sourceTree = "<group>"; };
		7040E2C518AF0C66005C7BAD /* WashingTimer.app */ = {isa = PBXFileReference; explicitFileType = wrapper.application; includeInIndex = 0; path = WashingTimer.app; sourceTree = BUILT_PRODUCTS_DIR; };
		7040E2C818AF0C66005C7BAD /* Foundation.framework */ = {isa = PBXFileReference; lastKnownFileType = wrapper.framework; name = Foundation.framework; path = System/Library/Frameworks/Foundation.framework; sourceTree = SDKROOT; };
		7040E2CA18AF0C66005C7BAD /* CoreGraphics.framework */ = {isa = PBXFileReference; lastKnownFileType = wrapper.framework; name = CoreGraphics.framework; path = System/Library/Frameworks/CoreGraphics.framework; sourceTree = SDKROOT; };
		7040E2CC18AF0C66005C7BAD /* UIKit.framework */ = {isa = PBXFileReference; lastKnownFileType = wrapper.framework; name = UIKit.framework; path = System/Library/Frameworks/UIKit.framework; sourceTree = SDKROOT; };
		7040E2D018AF0C66005C7BAD /* WashingTimer-Info.plist */ = {isa = PBXFileReference; lastKnownFileType = text.plist.xml; path = "WashingTimer-Info.plist"; sourceTree = "<group>"; };
		7040E2D218AF0C66005C7BAD /* en */ = {isa = PBXFileReference; lastKnownFileType = text.plist.strings; name = en; path = en.lproj/InfoPlist.strings; sourceTree = "<group>"; };
		7040E2D418AF0C66005C7BAD /* main.m */ = {isa = PBXFileReference; lastKnownFileType = sourcecode.c.objc; path = main.m; sourceTree = "<group>"; };
		7040E2D618AF0C66005C7BAD /* WashingTimer-Prefix.pch */ = {isa = PBXFileReference; lastKnownFileType = sourcecode.c.h; path = "WashingTimer-Prefix.pch"; sourceTree = "<group>"; };
		7040E2D718AF0C66005C7BAD /* HWTAppDelegate.h */ = {isa = PBXFileReference; lastKnownFileType = sourcecode.c.h; path = HWTAppDelegate.h; sourceTree = "<group>"; };
		7040E2D818AF0C66005C7BAD /* HWTAppDelegate.m */ = {isa = PBXFileReference; lastKnownFileType = sourcecode.c.objc; path = HWTAppDelegate.m; sourceTree = "<group>"; };
		7040E2DB18AF0C66005C7BAD /* Base */ = {isa = PBXFileReference; lastKnownFileType = file.storyboard; name = Base; path = Base.lproj/Main.storyboard; sourceTree = "<group>"; };
		7040E2E018AF0C66005C7BAD /* Images.xcassets */ = {isa = PBXFileReference; lastKnownFileType = folder.assetcatalog; path = Images.xcassets; sourceTree = "<group>"; };
		7040E2E618AF0C66005C7BAD /* WashingTimerTests.xctest */ = {isa = PBXFileReference; explicitFileType = wrapper.cfbundle; includeInIndex = 0; path = WashingTimerTests.xctest; sourceTree = BUILT_PRODUCTS_DIR; };
		7040E2E718AF0C66005C7BAD /* XCTest.framework */ = {isa = PBXFileReference; lastKnownFileType = wrapper.framework; name = XCTest.framework; path = Library/Frameworks/XCTest.framework; sourceTree = DEVELOPER_DIR; };
		7040E2EF18AF0C66005C7BAD /* WashingTimerTests-Info.plist */ = {isa = PBXFileReference; lastKnownFileType = text.plist.xml; path = "WashingTimerTests-Info.plist"; sourceTree = "<group>"; };
		7040E2F118AF0C66005C7BAD /* en */ = {isa = PBXFileReference; lastKnownFileType = text.plist.strings; name = en; path = en.lproj/InfoPlist.strings; sourceTree = "<group>"; };
		7040E2F318AF0C66005C7BAD /* WashingTimerTests.m */ = {isa = PBXFileReference; lastKnownFileType = sourcecode.c.objc; path = WashingTimerTests.m; sourceTree = "<group>"; };
		7040E30018AF4209005C7BAD /* HWTDefines.h */ = {isa = PBXFileReference; lastKnownFileType = sourcecode.c.h; path = HWTDefines.h; sourceTree = "<group>"; };
		7040E30118AF4358005C7BAD /* HWTResultViewController.h */ = {isa = PBXFileReference; fileEncoding = 4; lastKnownFileType = sourcecode.c.h; path = HWTResultViewController.h; sourceTree = "<group>"; };
		7040E30218AF4358005C7BAD /* HWTResultViewController.m */ = {isa = PBXFileReference; fileEncoding = 4; lastKnownFileType = sourcecode.c.objc; path = HWTResultViewController.m; sourceTree = "<group>"; };
		7040E30718AF47D6005C7BAD /* icon_easy@2x.png */ = {isa = PBXFileReference; lastKnownFileType = image.png; path = "icon_easy@2x.png"; sourceTree = "<group>"; };
		7040E30818AF47D6005C7BAD /* icon_fast@2x.png */ = {isa = PBXFileReference; lastKnownFileType = image.png; path = "icon_fast@2x.png"; sourceTree = "<group>"; };
		7040E30B18AF48DC005C7BAD /* icon_disclosure@2x.png */ = {isa = PBXFileReference; lastKnownFileType = image.png; path = "icon_disclosure@2x.png"; sourceTree = "<group>"; };
		7040E30F18AF4B2A005C7BAD /* HWTResultCell.h */ = {isa = PBXFileReference; fileEncoding = 4; lastKnownFileType = sourcecode.c.h; path = HWTResultCell.h; sourceTree = "<group>"; };
		7040E31018AF4B2A005C7BAD /* HWTResultCell.m */ = {isa = PBXFileReference; fileEncoding = 4; lastKnownFileType = sourcecode.c.objc; path = HWTResultCell.m; sourceTree = "<group>"; };
		7040E31618AF5EE4005C7BAD /* HWTPlanViewController.h */ = {isa = PBXFileReference; fileEncoding = 4; lastKnownFileType = sourcecode.c.h; path = HWTPlanViewController.h; sourceTree = "<group>"; };
		7040E31718AF5EE4005C7BAD /* HWTPlanViewController.m */ = {isa = PBXFileReference; fileEncoding = 4; lastKnownFileType = sourcecode.c.objc; path = HWTPlanViewController.m; sourceTree = "<group>"; };
		7040E31918AF61A6005C7BAD /* HWTTimeLinePointView.h */ = {isa = PBXFileReference; fileEncoding = 4; lastKnownFileType = sourcecode.c.h; path = HWTTimeLinePointView.h; sourceTree = "<group>"; };
		7040E31A18AF61A6005C7BAD /* HWTTimeLinePointView.m */ = {isa = PBXFileReference; fileEncoding = 4; lastKnownFileType = sourcecode.c.objc; path = HWTTimeLinePointView.m; sourceTree = "<group>"; };
		7040E31C18AF6624005C7BAD /* HWTTimeLineEventCell.h */ = {isa = PBXFileReference; fileEncoding = 4; lastKnownFileType = sourcecode.c.h; path = HWTTimeLineEventCell.h; sourceTree = "<group>"; };
		7040E31D18AF6624005C7BAD /* HWTTimeLineEventCell.m */ = {isa = PBXFileReference; fileEncoding = 4; lastKnownFileType = sourcecode.c.objc; path = HWTTimeLineEventCell.m; sourceTree = "<group>"; };
		7040E31F18AF8DCF005C7BAD /* HWTTimeLineWeatherCell.h */ = {isa = PBXFileReference; fileEncoding = 4; lastKnownFileType = sourcecode.c.h; path = HWTTimeLineWeatherCell.h; sourceTree = "<group>"; };
		7040E32018AF8DCF005C7BAD /* HWTTimeLineWeatherCell.m */ = {isa = PBXFileReference; fileEncoding = 4; lastKnownFileType = sourcecode.c.objc; path = HWTTimeLineWeatherCell.m; sourceTree = "<group>"; };
		7040E32218AF9C60005C7BAD /* logo@2x.png */ = {isa = PBXFileReference; lastKnownFileType = image.png; path = "logo@2x.png"; sourceTree = "<group>"; };
		7040E32418AFA32D005C7BAD /* icon_time_arrow@2x.png */ = {isa = PBXFileReference; lastKnownFileType = image.png; path = "icon_time_arrow@2x.png"; sourceTree = "<group>"; };
		7040E32618AFCD05005C7BAD /* icon_cloudy@2x.png */ = {isa = PBXFileReference; lastKnownFileType = image.png; path = "icon_cloudy@2x.png"; sourceTree = "<group>"; };
		7040E32718AFCD05005C7BAD /* icon_rainy@2x.png */ = {isa = PBXFileReference; lastKnownFileType = image.png; path = "icon_rainy@2x.png"; sourceTree = "<group>"; };
		7040E32818AFCD05005C7BAD /* icon_sunny@2x.png */ = {isa = PBXFileReference; lastKnownFileType = image.png; path = "icon_sunny@2x.png"; sourceTree = "<group>"; };
		9B8B1F6CE0E34731BEFC820C /* libPods-WashingTimer.a */ = {isa = PBXFileReference; explicitFileType = archive.ar; includeInIndex = 0; path = "libPods-WashingTimer.a"; sourceTree = BUILT_PRODUCTS_DIR; };
		A1934FEA18B0130800ED4388 /* HWTCommitCell.h */ = {isa = PBXFileReference; fileEncoding = 4; lastKnownFileType = sourcecode.c.h; path = HWTCommitCell.h; sourceTree = "<group>"; };
		A1934FEB18B0130800ED4388 /* HWTCommitCell.m */ = {isa = PBXFileReference; fileEncoding = 4; lastKnownFileType = sourcecode.c.objc; path = HWTCommitCell.m; sourceTree = "<group>"; };
/* End PBXFileReference section */

/* Begin PBXFrameworksBuildPhase section */
		7040E2C218AF0C66005C7BAD /* Frameworks */ = {
			isa = PBXFrameworksBuildPhase;
			buildActionMask = 2147483647;
			files = (
				7040E2CB18AF0C66005C7BAD /* CoreGraphics.framework in Frameworks */,
				7040E2CD18AF0C66005C7BAD /* UIKit.framework in Frameworks */,
				7040E2C918AF0C66005C7BAD /* Foundation.framework in Frameworks */,
				BD37A5AC990B421996C36D7D /* libPods-WashingTimer.a in Frameworks */,
			);
			runOnlyForDeploymentPostprocessing = 0;
		};
		7040E2E318AF0C66005C7BAD /* Frameworks */ = {
			isa = PBXFrameworksBuildPhase;
			buildActionMask = 2147483647;
			files = (
				7040E2E818AF0C66005C7BAD /* XCTest.framework in Frameworks */,
				7040E2EA18AF0C66005C7BAD /* UIKit.framework in Frameworks */,
				7040E2E918AF0C66005C7BAD /* Foundation.framework in Frameworks */,
			);
			runOnlyForDeploymentPostprocessing = 0;
		};
/* End PBXFrameworksBuildPhase section */

/* Begin PBXGroup section */
		7040E2BC18AF0C66005C7BAD = {
			isa = PBXGroup;
			children = (
				7040E2CE18AF0C66005C7BAD /* WashingTimer */,
				7040E2ED18AF0C66005C7BAD /* WashingTimerTests */,
				7040E2C718AF0C66005C7BAD /* Frameworks */,
				7040E2C618AF0C66005C7BAD /* Products */,
				43F78E0F6F564C1D9F27EECA /* Pods-WashingTimer.xcconfig */,
			);
			sourceTree = "<group>";
		};
		7040E2C618AF0C66005C7BAD /* Products */ = {
			isa = PBXGroup;
			children = (
				7040E2C518AF0C66005C7BAD /* WashingTimer.app */,
				7040E2E618AF0C66005C7BAD /* WashingTimerTests.xctest */,
			);
			name = Products;
			sourceTree = "<group>";
		};
		7040E2C718AF0C66005C7BAD /* Frameworks */ = {
			isa = PBXGroup;
			children = (
				7040E2C818AF0C66005C7BAD /* Foundation.framework */,
				7040E2CA18AF0C66005C7BAD /* CoreGraphics.framework */,
				7040E2CC18AF0C66005C7BAD /* UIKit.framework */,
				7040E2E718AF0C66005C7BAD /* XCTest.framework */,
				9B8B1F6CE0E34731BEFC820C /* libPods-WashingTimer.a */,
			);
			name = Frameworks;
			sourceTree = "<group>";
		};
		7040E2CE18AF0C66005C7BAD /* WashingTimer */ = {
			isa = PBXGroup;
			children = (
				7040E2FD18AF41B0005C7BAD /* Storyboard */,
				7040E2FE18AF41C4005C7BAD /* Global */,
				7040E2FF18AF41CD005C7BAD /* View Controllers */,
				7040E30D18AF4AD9005C7BAD /* View Hierarchy */,
				7040E2E018AF0C66005C7BAD /* Images.xcassets */,
				7040E30618AF47D6005C7BAD /* Resources */,
				7040E2CF18AF0C66005C7BAD /* Supporting Files */,
			);
			path = WashingTimer;
			sourceTree = "<group>";
		};
		7040E2CF18AF0C66005C7BAD /* Supporting Files */ = {
			isa = PBXGroup;
			children = (
				7040E2D018AF0C66005C7BAD /* WashingTimer-Info.plist */,
				7040E2D118AF0C66005C7BAD /* InfoPlist.strings */,
				7040E2D418AF0C66005C7BAD /* main.m */,
				7040E2D618AF0C66005C7BAD /* WashingTimer-Prefix.pch */,
			);
			name = "Supporting Files";
			sourceTree = "<group>";
		};
		7040E2ED18AF0C66005C7BAD /* WashingTimerTests */ = {
			isa = PBXGroup;
			children = (
				7040E2F318AF0C66005C7BAD /* WashingTimerTests.m */,
				7040E2EE18AF0C66005C7BAD /* Supporting Files */,
			);
			path = WashingTimerTests;
			sourceTree = "<group>";
		};
		7040E2EE18AF0C66005C7BAD /* Supporting Files */ = {
			isa = PBXGroup;
			children = (
				7040E2EF18AF0C66005C7BAD /* WashingTimerTests-Info.plist */,
				7040E2F018AF0C66005C7BAD /* InfoPlist.strings */,
			);
			name = "Supporting Files";
			sourceTree = "<group>";
		};
		7040E2FD18AF41B0005C7BAD /* Storyboard */ = {
			isa = PBXGroup;
			children = (
				7040E2DA18AF0C66005C7BAD /* Main.storyboard */,
			);
			name = Storyboard;
			sourceTree = "<group>";
		};
		7040E2FE18AF41C4005C7BAD /* Global */ = {
			isa = PBXGroup;
			children = (
				7040E2D718AF0C66005C7BAD /* HWTAppDelegate.h */,
				7040E2D818AF0C66005C7BAD /* HWTAppDelegate.m */,
				7040E30018AF4209005C7BAD /* HWTDefines.h */,
			);
			name = Global;
			sourceTree = "<group>";
		};
		7040E2FF18AF41CD005C7BAD /* View Controllers */ = {
			isa = PBXGroup;
			children = (
				7040E30118AF4358005C7BAD /* HWTResultViewController.h */,
				7040E30218AF4358005C7BAD /* HWTResultViewController.m */,
				7040E31618AF5EE4005C7BAD /* HWTPlanViewController.h */,
				7040E31718AF5EE4005C7BAD /* HWTPlanViewController.m */,
			);
			name = "View Controllers";
			sourceTree = "<group>";
		};
		7040E30618AF47D6005C7BAD /* Resources */ = {
			isa = PBXGroup;
			children = (
				7040E30718AF47D6005C7BAD /* icon_easy@2x.png */,
				7040E30818AF47D6005C7BAD /* icon_fast@2x.png */,
				7040E30B18AF48DC005C7BAD /* icon_disclosure@2x.png */,
				7040E32218AF9C60005C7BAD /* logo@2x.png */,
				7040E32418AFA32D005C7BAD /* icon_time_arrow@2x.png */,
				7040E32618AFCD05005C7BAD /* icon_cloudy@2x.png */,
				7040E32718AFCD05005C7BAD /* icon_rainy@2x.png */,
				7040E32818AFCD05005C7BAD /* icon_sunny@2x.png */,
			);
			path = Resources;
			sourceTree = "<group>";
		};
		7040E30D18AF4AD9005C7BAD /* View Hierarchy */ = {
			isa = PBXGroup;
			children = (
				7040E32C18AFCFAB005C7BAD /* Global */,
				7040E30E18AF4AF6005C7BAD /* Result */,
				7040E31218AF5ABE005C7BAD /* Plan */,
			);
			name = "View Hierarchy";
			sourceTree = "<group>";
		};
		7040E30E18AF4AF6005C7BAD /* Result */ = {
			isa = PBXGroup;
			children = (
				7040E30F18AF4B2A005C7BAD /* HWTResultCell.h */,
				7040E31018AF4B2A005C7BAD /* HWTResultCell.m */,
			);
			name = Result;
			sourceTree = "<group>";
		};
		7040E31218AF5ABE005C7BAD /* Plan */ = {
			isa = PBXGroup;
			children = (
				7040E31918AF61A6005C7BAD /* HWTTimeLinePointView.h */,
				7040E31A18AF61A6005C7BAD /* HWTTimeLinePointView.m */,
				7040E31C18AF6624005C7BAD /* HWTTimeLineEventCell.h */,
				7040E31D18AF6624005C7BAD /* HWTTimeLineEventCell.m */,
				7040E31F18AF8DCF005C7BAD /* HWTTimeLineWeatherCell.h */,
				7040E32018AF8DCF005C7BAD /* HWTTimeLineWeatherCell.m */,
				A1934FEA18B0130800ED4388 /* HWTCommitCell.h */,
				A1934FEB18B0130800ED4388 /* HWTCommitCell.m */,
			);
			name = Plan;
			sourceTree = "<group>";
		};
		7040E32C18AFCFAB005C7BAD /* Global */ = {
			isa = PBXGroup;
			children = (
			);
			name = Global;
			sourceTree = "<group>";
		};
/* End PBXGroup section */

/* Begin PBXNativeTarget section */
		7040E2C418AF0C66005C7BAD /* WashingTimer */ = {
			isa = PBXNativeTarget;
			buildConfigurationList = 7040E2F718AF0C66005C7BAD /* Build configuration list for PBXNativeTarget "WashingTimer" */;
			buildPhases = (
				ED367B54DBE141B9A523E767 /* Check Pods Manifest.lock */,
				7040E2C118AF0C66005C7BAD /* Sources */,
				7040E2C218AF0C66005C7BAD /* Frameworks */,
				7040E2C318AF0C66005C7BAD /* Resources */,
				A0393631BD644F91A9BC5191 /* Copy Pods Resources */,
			);
			buildRules = (
			);
			dependencies = (
			);
			name = WashingTimer;
			productName = WashingTimer;
			productReference = 7040E2C518AF0C66005C7BAD /* WashingTimer.app */;
			productType = "com.apple.product-type.application";
		};
		7040E2E518AF0C66005C7BAD /* WashingTimerTests */ = {
			isa = PBXNativeTarget;
			buildConfigurationList = 7040E2FA18AF0C66005C7BAD /* Build configuration list for PBXNativeTarget "WashingTimerTests" */;
			buildPhases = (
				7040E2E218AF0C66005C7BAD /* Sources */,
				7040E2E318AF0C66005C7BAD /* Frameworks */,
				7040E2E418AF0C66005C7BAD /* Resources */,
			);
			buildRules = (
			);
			dependencies = (
				7040E2EC18AF0C66005C7BAD /* PBXTargetDependency */,
			);
			name = WashingTimerTests;
			productName = WashingTimerTests;
			productReference = 7040E2E618AF0C66005C7BAD /* WashingTimerTests.xctest */;
			productType = "com.apple.product-type.bundle.unit-test";
		};
/* End PBXNativeTarget section */

/* Begin PBXProject section */
		7040E2BD18AF0C66005C7BAD /* Project object */ = {
			isa = PBXProject;
			attributes = {
				CLASSPREFIX = HWT;
				LastUpgradeCheck = 0500;
				ORGANIZATIONNAME = Himakan;
				TargetAttributes = {
					7040E2E518AF0C66005C7BAD = {
						TestTargetID = 7040E2C418AF0C66005C7BAD;
					};
				};
			};
			buildConfigurationList = 7040E2C018AF0C66005C7BAD /* Build configuration list for PBXProject "WashingTimer" */;
			compatibilityVersion = "Xcode 3.2";
			developmentRegion = English;
			hasScannedForEncodings = 0;
			knownRegions = (
				en,
				Base,
			);
			mainGroup = 7040E2BC18AF0C66005C7BAD;
			productRefGroup = 7040E2C618AF0C66005C7BAD /* Products */;
			projectDirPath = "";
			projectRoot = "";
			targets = (
				7040E2C418AF0C66005C7BAD /* WashingTimer */,
				7040E2E518AF0C66005C7BAD /* WashingTimerTests */,
			);
		};
/* End PBXProject section */

/* Begin PBXResourcesBuildPhase section */
		7040E2C318AF0C66005C7BAD /* Resources */ = {
			isa = PBXResourcesBuildPhase;
			buildActionMask = 2147483647;
			files = (
				7040E2E118AF0C66005C7BAD /* Images.xcassets in Resources */,
				7040E2D318AF0C66005C7BAD /* InfoPlist.strings in Resources */,
				7040E2DC18AF0C66005C7BAD /* Main.storyboard in Resources */,
				7040E30C18AF48DC005C7BAD /* icon_disclosure@2x.png in Resources */,
				7040E32518AFA32D005C7BAD /* icon_time_arrow@2x.png in Resources */,
				7040E32318AF9C60005C7BAD /* logo@2x.png in Resources */,
				7040E32918AFCD05005C7BAD /* icon_cloudy@2x.png in Resources */,
				7040E32A18AFCD05005C7BAD /* icon_rainy@2x.png in Resources */,
				7040E30A18AF47D6005C7BAD /* icon_fast@2x.png in Resources */,
				7040E32B18AFCD05005C7BAD /* icon_sunny@2x.png in Resources */,
				7040E30918AF47D6005C7BAD /* icon_easy@2x.png in Resources */,
			);
			runOnlyForDeploymentPostprocessing = 0;
		};
		7040E2E418AF0C66005C7BAD /* Resources */ = {
			isa = PBXResourcesBuildPhase;
			buildActionMask = 2147483647;
			files = (
				7040E2F218AF0C66005C7BAD /* InfoPlist.strings in Resources */,
			);
			runOnlyForDeploymentPostprocessing = 0;
		};
/* End PBXResourcesBuildPhase section */

/* Begin PBXShellScriptBuildPhase section */
		A0393631BD644F91A9BC5191 /* Copy Pods Resources */ = {
			isa = PBXShellScriptBuildPhase;
			buildActionMask = 2147483647;
			files = (
			);
			inputPaths = (
			);
			name = "Copy Pods Resources";
			outputPaths = (
			);
			runOnlyForDeploymentPostprocessing = 0;
			shellPath = /bin/sh;
			shellScript = "\"${SRCROOT}/Pods/Pods-WashingTimer-resources.sh\"\n";
			showEnvVarsInLog = 0;
		};
		ED367B54DBE141B9A523E767 /* Check Pods Manifest.lock */ = {
			isa = PBXShellScriptBuildPhase;
			buildActionMask = 2147483647;
			files = (
			);
			inputPaths = (
			);
			name = "Check Pods Manifest.lock";
			outputPaths = (
			);
			runOnlyForDeploymentPostprocessing = 0;
			shellPath = /bin/sh;
			shellScript = "diff \"${PODS_ROOT}/../Podfile.lock\" \"${PODS_ROOT}/Manifest.lock\" > /dev/null\nif [[ $? != 0 ]] ; then\n    cat << EOM\nerror: The sandbox is not in sync with the Podfile.lock. Run 'pod install' or update your CocoaPods installation.\nEOM\n    exit 1\nfi\n";
			showEnvVarsInLog = 0;
		};
/* End PBXShellScriptBuildPhase section */

/* Begin PBXSourcesBuildPhase section */
		7040E2C118AF0C66005C7BAD /* Sources */ = {
			isa = PBXSourcesBuildPhase;
			buildActionMask = 2147483647;
			files = (
				7040E31118AF4B2A005C7BAD /* HWTResultCell.m in Sources */,
				7040E31818AF5EE4005C7BAD /* HWTPlanViewController.m in Sources */,
				A1934FEC18B0130800ED4388 /* HWTCommitCell.m in Sources */,
				7040E31E18AF6624005C7BAD /* HWTTimeLineEventCell.m in Sources */,
				7040E31B18AF61A6005C7BAD /* HWTTimeLinePointView.m in Sources */,
				7040E2D918AF0C66005C7BAD /* HWTAppDelegate.m in Sources */,
				7040E32118AF8DCF005C7BAD /* HWTTimeLineWeatherCell.m in Sources */,
				7040E30318AF4358005C7BAD /* HWTResultViewController.m in Sources */,
				7040E2D518AF0C66005C7BAD /* main.m in Sources */,
			);
			runOnlyForDeploymentPostprocessing = 0;
		};
		7040E2E218AF0C66005C7BAD /* Sources */ = {
			isa = PBXSourcesBuildPhase;
			buildActionMask = 2147483647;
			files = (
				7040E2F418AF0C66005C7BAD /* WashingTimerTests.m in Sources */,
			);
			runOnlyForDeploymentPostprocessing = 0;
		};
/* End PBXSourcesBuildPhase section */

/* Begin PBXTargetDependency section */
		7040E2EC18AF0C66005C7BAD /* PBXTargetDependency */ = {
			isa = PBXTargetDependency;
			target = 7040E2C418AF0C66005C7BAD /* WashingTimer */;
			targetProxy = 7040E2EB18AF0C66005C7BAD /* PBXContainerItemProxy */;
		};
/* End PBXTargetDependency section */

/* Begin PBXVariantGroup section */
		7040E2D118AF0C66005C7BAD /* InfoPlist.strings */ = {
			isa = PBXVariantGroup;
			children = (
				7040E2D218AF0C66005C7BAD /* en */,
			);
			name = InfoPlist.strings;
			sourceTree = "<group>";
		};
		7040E2DA18AF0C66005C7BAD /* Main.storyboard */ = {
			isa = PBXVariantGroup;
			children = (
				7040E2DB18AF0C66005C7BAD /* Base */,
			);
			name = Main.storyboard;
			sourceTree = "<group>";
		};
		7040E2F018AF0C66005C7BAD /* InfoPlist.strings */ = {
			isa = PBXVariantGroup;
			children = (
				7040E2F118AF0C66005C7BAD /* en */,
			);
			name = InfoPlist.strings;
			sourceTree = "<group>";
		};
/* End PBXVariantGroup section */

/* Begin XCBuildConfiguration section */
		7040E2F518AF0C66005C7BAD /* Debug */ = {
			isa = XCBuildConfiguration;
			buildSettings = {
				ALWAYS_SEARCH_USER_PATHS = NO;
				ARCHS = "$(ARCHS_STANDARD_INCLUDING_64_BIT)";
				CLANG_CXX_LANGUAGE_STANDARD = "gnu++0x";
				CLANG_CXX_LIBRARY = "libc++";
				CLANG_ENABLE_MODULES = YES;
				CLANG_ENABLE_OBJC_ARC = YES;
				CLANG_WARN_BOOL_CONVERSION = YES;
				CLANG_WARN_CONSTANT_CONVERSION = YES;
				CLANG_WARN_DIRECT_OBJC_ISA_USAGE = YES_ERROR;
				CLANG_WARN_EMPTY_BODY = YES;
				CLANG_WARN_ENUM_CONVERSION = YES;
				CLANG_WARN_INT_CONVERSION = YES;
				CLANG_WARN_OBJC_ROOT_CLASS = YES_ERROR;
				CLANG_WARN__DUPLICATE_METHOD_MATCH = YES;
				"CODE_SIGN_IDENTITY[sdk=iphoneos*]" = "iPhone Developer";
				COPY_PHASE_STRIP = NO;
				GCC_C_LANGUAGE_STANDARD = gnu99;
				GCC_DYNAMIC_NO_PIC = NO;
				GCC_OPTIMIZATION_LEVEL = 0;
				GCC_PREPROCESSOR_DEFINITIONS = (
					"DEBUG=1",
					"$(inherited)",
				);
				GCC_SYMBOLS_PRIVATE_EXTERN = NO;
				GCC_WARN_64_TO_32_BIT_CONVERSION = YES;
				GCC_WARN_ABOUT_RETURN_TYPE = YES_ERROR;
				GCC_WARN_UNDECLARED_SELECTOR = YES;
				GCC_WARN_UNINITIALIZED_AUTOS = YES;
				GCC_WARN_UNUSED_FUNCTION = YES;
				GCC_WARN_UNUSED_VARIABLE = YES;
				IPHONEOS_DEPLOYMENT_TARGET = 7.0;
				ONLY_ACTIVE_ARCH = YES;
				SDKROOT = iphoneos;
			};
			name = Debug;
		};
		7040E2F618AF0C66005C7BAD /* Release */ = {
			isa = XCBuildConfiguration;
			buildSettings = {
				ALWAYS_SEARCH_USER_PATHS = NO;
				ARCHS = "$(ARCHS_STANDARD_INCLUDING_64_BIT)";
				CLANG_CXX_LANGUAGE_STANDARD = "gnu++0x";
				CLANG_CXX_LIBRARY = "libc++";
				CLANG_ENABLE_MODULES = YES;
				CLANG_ENABLE_OBJC_ARC = YES;
				CLANG_WARN_BOOL_CONVERSION = YES;
				CLANG_WARN_CONSTANT_CONVERSION = YES;
				CLANG_WARN_DIRECT_OBJC_ISA_USAGE = YES_ERROR;
				CLANG_WARN_EMPTY_BODY = YES;
				CLANG_WARN_ENUM_CONVERSION = YES;
				CLANG_WARN_INT_CONVERSION = YES;
				CLANG_WARN_OBJC_ROOT_CLASS = YES_ERROR;
				CLANG_WARN__DUPLICATE_METHOD_MATCH = YES;
				"CODE_SIGN_IDENTITY[sdk=iphoneos*]" = "iPhone Developer";
				COPY_PHASE_STRIP = YES;
				ENABLE_NS_ASSERTIONS = NO;
				GCC_C_LANGUAGE_STANDARD = gnu99;
				GCC_WARN_64_TO_32_BIT_CONVERSION = YES;
				GCC_WARN_ABOUT_RETURN_TYPE = YES_ERROR;
				GCC_WARN_UNDECLARED_SELECTOR = YES;
				GCC_WARN_UNINITIALIZED_AUTOS = YES;
				GCC_WARN_UNUSED_FUNCTION = YES;
				GCC_WARN_UNUSED_VARIABLE = YES;
				IPHONEOS_DEPLOYMENT_TARGET = 7.0;
				SDKROOT = iphoneos;
				VALIDATE_PRODUCT = YES;
			};
			name = Release;
		};
		7040E2F818AF0C66005C7BAD /* Debug */ = {
			isa = XCBuildConfiguration;
			baseConfigurationReference = 43F78E0F6F564C1D9F27EECA /* Pods-WashingTimer.xcconfig */;
			buildSettings = {
				ASSETCATALOG_COMPILER_APPICON_NAME = AppIcon;
				ASSETCATALOG_COMPILER_LAUNCHIMAGE_NAME = LaunchImage;
				GCC_PRECOMPILE_PREFIX_HEADER = YES;
				GCC_PREFIX_HEADER = "WashingTimer/WashingTimer-Prefix.pch";
				INFOPLIST_FILE = "WashingTimer/WashingTimer-Info.plist";
				PRODUCT_NAME = "$(TARGET_NAME)";
				WRAPPER_EXTENSION = app;
			};
			name = Debug;
		};
		7040E2F918AF0C66005C7BAD /* Release */ = {
			isa = XCBuildConfiguration;
			baseConfigurationReference = 43F78E0F6F564C1D9F27EECA /* Pods-WashingTimer.xcconfig */;
			buildSettings = {
				ASSETCATALOG_COMPILER_APPICON_NAME = AppIcon;
				ASSETCATALOG_COMPILER_LAUNCHIMAGE_NAME = LaunchImage;
				GCC_PRECOMPILE_PREFIX_HEADER = YES;
				GCC_PREFIX_HEADER = "WashingTimer/WashingTimer-Prefix.pch";
				INFOPLIST_FILE = "WashingTimer/WashingTimer-Info.plist";
				PRODUCT_NAME = "$(TARGET_NAME)";
				WRAPPER_EXTENSION = app;
			};
			name = Release;
		};
		7040E2FB18AF0C66005C7BAD /* Debug */ = {
			isa = XCBuildConfiguration;
			buildSettings = {
				ARCHS = "$(ARCHS_STANDARD_INCLUDING_64_BIT)";
				BUNDLE_LOADER = "$(BUILT_PRODUCTS_DIR)/WashingTimer.app/WashingTimer";
				FRAMEWORK_SEARCH_PATHS = (
					"$(SDKROOT)/Developer/Library/Frameworks",
					"$(inherited)",
					"$(DEVELOPER_FRAMEWORKS_DIR)",
				);
				GCC_PRECOMPILE_PREFIX_HEADER = YES;
				GCC_PREFIX_HEADER = "WashingTimer/WashingTimer-Prefix.pch";
				GCC_PREPROCESSOR_DEFINITIONS = (
					"DEBUG=1",
					"$(inherited)",
				);
				INFOPLIST_FILE = "WashingTimerTests/WashingTimerTests-Info.plist";
				PRODUCT_NAME = "$(TARGET_NAME)";
				TEST_HOST = "$(BUNDLE_LOADER)";
				WRAPPER_EXTENSION = xctest;
			};
			name = Debug;
		};
		7040E2FC18AF0C66005C7BAD /* Release */ = {
			isa = XCBuildConfiguration;
			buildSettings = {
				ARCHS = "$(ARCHS_STANDARD_INCLUDING_64_BIT)";
				BUNDLE_LOADER = "$(BUILT_PRODUCTS_DIR)/WashingTimer.app/WashingTimer";
				FRAMEWORK_SEARCH_PATHS = (
					"$(SDKROOT)/Developer/Library/Frameworks",
					"$(inherited)",
					"$(DEVELOPER_FRAMEWORKS_DIR)",
				);
				GCC_PRECOMPILE_PREFIX_HEADER = YES;
				GCC_PREFIX_HEADER = "WashingTimer/WashingTimer-Prefix.pch";
				INFOPLIST_FILE = "WashingTimerTests/WashingTimerTests-Info.plist";
				PRODUCT_NAME = "$(TARGET_NAME)";
				TEST_HOST = "$(BUNDLE_LOADER)";
				WRAPPER_EXTENSION = xctest;
			};
			name = Release;
		};
/* End XCBuildConfiguration section */

/* Begin XCConfigurationList section */
		7040E2C018AF0C66005C7BAD /* Build configuration list for PBXProject "WashingTimer" */ = {
			isa = XCConfigurationList;
			buildConfigurations = (
				7040E2F518AF0C66005C7BAD /* Debug */,
				7040E2F618AF0C66005C7BAD /* Release */,
			);
			defaultConfigurationIsVisible = 0;
			defaultConfigurationName = Release;
		};
		7040E2F718AF0C66005C7BAD /* Build configuration list for PBXNativeTarget "WashingTimer" */ = {
			isa = XCConfigurationList;
			buildConfigurations = (
				7040E2F818AF0C66005C7BAD /* Debug */,
				7040E2F918AF0C66005C7BAD /* Release */,
			);
			defaultConfigurationIsVisible = 0;
			defaultConfigurationName = Release;
		};
		7040E2FA18AF0C66005C7BAD /* Build configuration list for PBXNativeTarget "WashingTimerTests" */ = {
			isa = XCConfigurationList;
			buildConfigurations = (
				7040E2FB18AF0C66005C7BAD /* Debug */,
				7040E2FC18AF0C66005C7BAD /* Release */,
			);
			defaultConfigurationIsVisible = 0;
			defaultConfigurationName = Release;
		};
/* End XCConfigurationList section */
	};
	rootObject = 7040E2BD18AF0C66005C7BAD /* Project object */;
}
